// !$*UTF8*$!
{
	archiveVersion = 1;
	classes = {
	};
	objectVersion = 50;
	objects = {

/* Begin PBXBuildFile section */
		08F98467F8B58EBA93010122 /* Pods_BaldwinBot.framework in Frameworks */ = {isa = PBXBuildFile; fileRef = 73902E196BA352EBDD1BD5B0 /* Pods_BaldwinBot.framework */; };
		3E3096F821F63A3600721FED /* AppDelegate.swift in Sources */ = {isa = PBXBuildFile; fileRef = 3E3096F721F63A3600721FED /* AppDelegate.swift */; };
		3E3096FA21F63A3600721FED /* ViewController.swift in Sources */ = {isa = PBXBuildFile; fileRef = 3E3096F921F63A3600721FED /* ViewController.swift */; };
		3E3096FD21F63A3600721FED /* Main.storyboard in Resources */ = {isa = PBXBuildFile; fileRef = 3E3096FB21F63A3600721FED /* Main.storyboard */; };
		3E3096FF21F63A3600721FED /* Assets.xcassets in Resources */ = {isa = PBXBuildFile; fileRef = 3E3096FE21F63A3600721FED /* Assets.xcassets */; };
		3E30970221F63A3600721FED /* LaunchScreen.storyboard in Resources */ = {isa = PBXBuildFile; fileRef = 3E30970021F63A3600721FED /* LaunchScreen.storyboard */; };
		3E8F082621F6553500C32479 /* ControlBaldwinBot.py in Resources */ = {isa = PBXBuildFile; fileRef = 3E8F082521F6553500C32479 /* ControlBaldwinBot.py */; };
/* End PBXBuildFile section */

/* Begin PBXFileReference section */
		3E3096F421F63A3600721FED /* BaldwinBot.app */ = {isa = PBXFileReference; explicitFileType = wrapper.application; includeInIndex = 0; path = BaldwinBot.app; sourceTree = BUILT_PRODUCTS_DIR; };
		3E3096F721F63A3600721FED /* AppDelegate.swift */ = {isa = PBXFileReference; lastKnownFileType = sourcecode.swift; path = AppDelegate.swift; sourceTree = "<group>"; };
		3E3096F921F63A3600721FED /* ViewController.swift */ = {isa = PBXFileReference; lastKnownFileType = sourcecode.swift; path = ViewController.swift; sourceTree = "<group>"; };
		3E3096FC21F63A3600721FED /* Base */ = {isa = PBXFileReference; lastKnownFileType = file.storyboard; name = Base; path = Base.lproj/Main.storyboard; sourceTree = "<group>"; };
		3E3096FE21F63A3600721FED /* Assets.xcassets */ = {isa = PBXFileReference; lastKnownFileType = folder.assetcatalog; path = Assets.xcassets; sourceTree = "<group>"; };
		3E30970121F63A3600721FED /* Base */ = {isa = PBXFileReference; lastKnownFileType = file.storyboard; name = Base; path = Base.lproj/LaunchScreen.storyboard; sourceTree = "<group>"; };
		3E30970321F63A3600721FED /* Info.plist */ = {isa = PBXFileReference; lastKnownFileType = text.plist.xml; path = Info.plist; sourceTree = "<group>"; };
		3E8F082521F6553500C32479 /* ControlBaldwinBot.py */ = {isa = PBXFileReference; fileEncoding = 4; lastKnownFileType = text.script.python; path = ControlBaldwinBot.py; sourceTree = SOURCE_ROOT; };
		73902E196BA352EBDD1BD5B0 /* Pods_BaldwinBot.framework */ = {isa = PBXFileReference; explicitFileType = wrapper.framework; includeInIndex = 0; path = Pods_BaldwinBot.framework; sourceTree = BUILT_PRODUCTS_DIR; };
		8199BE87B82879A0E6ADDAAE /* Pods-BaldwinBot.release.xcconfig */ = {isa = PBXFileReference; includeInIndex = 1; lastKnownFileType = text.xcconfig; name = "Pods-BaldwinBot.release.xcconfig"; path = "Pods/Target Support Files/Pods-BaldwinBot/Pods-BaldwinBot.release.xcconfig"; sourceTree = "<group>"; };
		CF62F2233ED02A04967695E4 /* Pods-BaldwinBot.debug.xcconfig */ = {isa = PBXFileReference; includeInIndex = 1; lastKnownFileType = text.xcconfig; name = "Pods-BaldwinBot.debug.xcconfig"; path = "Pods/Target Support Files/Pods-BaldwinBot/Pods-BaldwinBot.debug.xcconfig"; sourceTree = "<group>"; };
/* End PBXFileReference section */

/* Begin PBXFrameworksBuildPhase section */
		3E3096F121F63A3600721FED /* Frameworks */ = {
			isa = PBXFrameworksBuildPhase;
			buildActionMask = 2147483647;
			files = (
				08F98467F8B58EBA93010122 /* Pods_BaldwinBot.framework in Frameworks */,
			);
			runOnlyForDeploymentPostprocessing = 0;
		};
/* End PBXFrameworksBuildPhase section */

/* Begin PBXGroup section */
		3E3096EB21F63A3600721FED = {
			isa = PBXGroup;
			children = (
				3E3096F621F63A3600721FED /* BaldwinBot */,
				3E3096F521F63A3600721FED /* Products */,
				E942593844BED186A0F7EC0B /* Pods */,
				748D361347A3D73AA60B0D7B /* Frameworks */,
			);
			sourceTree = "<group>";
		};
		3E3096F521F63A3600721FED /* Products */ = {
			isa = PBXGroup;
			children = (
				3E3096F421F63A3600721FED /* BaldwinBot.app */,
			);
			name = Products;
			sourceTree = "<group>";
		};
		3E3096F621F63A3600721FED /* BaldwinBot */ = {
			isa = PBXGroup;
			children = (
				3E3096F721F63A3600721FED /* AppDelegate.swift */,
				3E3096F921F63A3600721FED /* ViewController.swift */,
				3E3096FB21F63A3600721FED /* Main.storyboard */,
				3E3096FE21F63A3600721FED /* Assets.xcassets */,
				3E30970021F63A3600721FED /* LaunchScreen.storyboard */,
				3E30970321F63A3600721FED /* Info.plist */,
				3E8F082521F6553500C32479 /* ControlBaldwinBot.py */,
			);
			path = BaldwinBot;
			sourceTree = "<group>";
		};
		748D361347A3D73AA60B0D7B /* Frameworks */ = {
			isa = PBXGroup;
			children = (
				73902E196BA352EBDD1BD5B0 /* Pods_BaldwinBot.framework */,
			);
			name = Frameworks;
			sourceTree = "<group>";
		};
		E942593844BED186A0F7EC0B /* Pods */ = {
			isa = PBXGroup;
			children = (
				CF62F2233ED02A04967695E4 /* Pods-BaldwinBot.debug.xcconfig */,
				8199BE87B82879A0E6ADDAAE /* Pods-BaldwinBot.release.xcconfig */,
			);
			name = Pods;
			sourceTree = "<group>";
		};
/* End PBXGroup section */

/* Begin PBXNativeTarget section */
		3E3096F321F63A3600721FED /* BaldwinBot */ = {
			isa = PBXNativeTarget;
			buildConfigurationList = 3E30970621F63A3600721FED /* Build configuration list for PBXNativeTarget "BaldwinBot" */;
			buildPhases = (
				812AE3EE3D0ECA93B4222CB5 /* [CP] Check Pods Manifest.lock */,
				3E3096F021F63A3600721FED /* Sources */,
				3E3096F121F63A3600721FED /* Frameworks */,
				3E3096F221F63A3600721FED /* Resources */,
				7CA648AF0D518CADC5A5C826 /* [CP] Embed Pods Frameworks */,
			);
			buildRules = (
			);
			dependencies = (
			);
			name = BaldwinBot;
			productName = BaldwinBot;
			productReference = 3E3096F421F63A3600721FED /* BaldwinBot.app */;
			productType = "com.apple.product-type.application";
		};
/* End PBXNativeTarget section */

/* Begin PBXProject section */
		3E3096EC21F63A3600721FED /* Project object */ = {
			isa = PBXProject;
			attributes = {
				LastSwiftUpdateCheck = 1010;
				LastUpgradeCheck = 1010;
				ORGANIZATIONNAME = "John Gallaugher";
				TargetAttributes = {
					3E3096F321F63A3600721FED = {
						CreatedOnToolsVersion = 10.1;
					};
				};
			};
			buildConfigurationList = 3E3096EF21F63A3600721FED /* Build configuration list for PBXProject "BaldwinBot" */;
			compatibilityVersion = "Xcode 9.3";
			developmentRegion = en;
			hasScannedForEncodings = 0;
			knownRegions = (
				en,
				Base,
			);
			mainGroup = 3E3096EB21F63A3600721FED;
			productRefGroup = 3E3096F521F63A3600721FED /* Products */;
			projectDirPath = "";
			projectRoot = "";
			targets = (
				3E3096F321F63A3600721FED /* BaldwinBot */,
			);
		};
/* End PBXProject section */

/* Begin PBXResourcesBuildPhase section */
		3E3096F221F63A3600721FED /* Resources */ = {
			isa = PBXResourcesBuildPhase;
			buildActionMask = 2147483647;
			files = (
				3E30970221F63A3600721FED /* LaunchScreen.storyboard in Resources */,
				3E8F082621F6553500C32479 /* ControlBaldwinBot.py in Resources */,
				3E3096FF21F63A3600721FED /* Assets.xcassets in Resources */,
				3E3096FD21F63A3600721FED /* Main.storyboard in Resources */,
			);
			runOnlyForDeploymentPostprocessing = 0;
		};
/* End PBXResourcesBuildPhase section */

/* Begin PBXShellScriptBuildPhase section */
		7CA648AF0D518CADC5A5C826 /* [CP] Embed Pods Frameworks */ = {
			isa = PBXShellScriptBuildPhase;
			buildActionMask = 2147483647;
			files = (
			);
			inputPaths = (
				"${SRCROOT}/Pods/Target Support Files/Pods-BaldwinBot/Pods-BaldwinBot-frameworks.sh",
				"${BUILT_PRODUCTS_DIR}/CocoaAsyncSocket/CocoaAsyncSocket.framework",
				"${BUILT_PRODUCTS_DIR}/CocoaMQTT/CocoaMQTT.framework",
				"${BUILT_PRODUCTS_DIR}/SwiftyTimer/SwiftyTimer.framework",
			);
			name = "[CP] Embed Pods Frameworks";
			outputPaths = (
				"${TARGET_BUILD_DIR}/${FRAMEWORKS_FOLDER_PATH}/CocoaAsyncSocket.framework",
				"${TARGET_BUILD_DIR}/${FRAMEWORKS_FOLDER_PATH}/CocoaMQTT.framework",
				"${TARGET_BUILD_DIR}/${FRAMEWORKS_FOLDER_PATH}/SwiftyTimer.framework",
			);
			runOnlyForDeploymentPostprocessing = 0;
			shellPath = /bin/sh;
			shellScript = "\"${SRCROOT}/Pods/Target Support Files/Pods-BaldwinBot/Pods-BaldwinBot-frameworks.sh\"\n";
			showEnvVarsInLog = 0;
		};
		812AE3EE3D0ECA93B4222CB5 /* [CP] Check Pods Manifest.lock */ = {
			isa = PBXShellScriptBuildPhase;
			buildActionMask = 2147483647;
			files = (
			);
			inputPaths = (
				"${PODS_PODFILE_DIR_PATH}/Podfile.lock",
				"${PODS_ROOT}/Manifest.lock",
			);
			name = "[CP] Check Pods Manifest.lock";
			outputPaths = (
				"$(DERIVED_FILE_DIR)/Pods-BaldwinBot-checkManifestLockResult.txt",
			);
			runOnlyForDeploymentPostprocessing = 0;
			shellPath = /bin/sh;
			shellScript = "diff \"${PODS_PODFILE_DIR_PATH}/Podfile.lock\" \"${PODS_ROOT}/Manifest.lock\" > /dev/null\nif [ $? != 0 ] ; then\n    # print error to STDERR\n    echo \"error: The sandbox is not in sync with the Podfile.lock. Run 'pod install' or update your CocoaPods installation.\" >&2\n    exit 1\nfi\n# This output is used by Xcode 'outputs' to avoid re-running this script phase.\necho \"SUCCESS\" > \"${SCRIPT_OUTPUT_FILE_0}\"\n";
			showEnvVarsInLog = 0;
		};
/* End PBXShellScriptBuildPhase section */

/* Begin PBXSourcesBuildPhase section */
		3E3096F021F63A3600721FED /* Sources */ = {
			isa = PBXSourcesBuildPhase;
			buildActionMask = 2147483647;
			files = (
				3E3096FA21F63A3600721FED /* ViewController.swift in Sources */,
				3E3096F821F63A3600721FED /* AppDelegate.swift in Sources */,
			);
			runOnlyForDeploymentPostprocessing = 0;
		};
/* End PBXSourcesBuildPhase section */

/* Begin PBXVariantGroup section */
		3E3096FB21F63A3600721FED /* Main.storyboard */ = {
			isa = PBXVariantGroup;
			children = (
				3E3096FC21F63A3600721FED /* Base */,
			);
			name = Main.storyboard;
			sourceTree = "<group>";
		};
		3E30970021F63A3600721FED /* LaunchScreen.storyboard */ = {
			isa = PBXVariantGroup;
			children = (
				3E30970121F63A3600721FED /* Base */,
			);
			name = LaunchScreen.storyboard;
			sourceTree = "<group>";
		};
/* End PBXVariantGroup section */

/* Begin XCBuildConfiguration section */
		3E30970421F63A3600721FED /* Debug */ = {
			isa = XCBuildConfiguration;
			buildSettings = {
				ALWAYS_SEARCH_USER_PATHS = NO;
				CLANG_ANALYZER_NONNULL = YES;
				CLANG_ANALYZER_NUMBER_OBJECT_CONVERSION = YES_AGGRESSIVE;
				CLANG_CXX_LANGUAGE_STANDARD = "gnu++14";
				CLANG_CXX_LIBRARY = "libc++";
				CLANG_ENABLE_MODULES = YES;
				CLANG_ENABLE_OBJC_ARC = YES;
				CLANG_ENABLE_OBJC_WEAK = YES;
				CLANG_WARN_BLOCK_CAPTURE_AUTORELEASING = YES;
				CLANG_WARN_BOOL_CONVERSION = YES;
				CLANG_WARN_COMMA = YES;
				CLANG_WARN_CONSTANT_CONVERSION = YES;
				CLANG_WARN_DEPRECATED_OBJC_IMPLEMENTATIONS = YES;
				CLANG_WARN_DIRECT_OBJC_ISA_USAGE = YES_ERROR;
				CLANG_WARN_DOCUMENTATION_COMMENTS = YES;
				CLANG_WARN_EMPTY_BODY = YES;
				CLANG_WARN_ENUM_CONVERSION = YES;
				CLANG_WARN_INFINITE_RECURSION = YES;
				CLANG_WARN_INT_CONVERSION = YES;
				CLANG_WARN_NON_LITERAL_NULL_CONVERSION = YES;
				CLANG_WARN_OBJC_IMPLICIT_RETAIN_SELF = YES;
				CLANG_WARN_OBJC_LITERAL_CONVERSION = YES;
				CLANG_WARN_OBJC_ROOT_CLASS = YES_ERROR;
				CLANG_WARN_RANGE_LOOP_ANALYSIS = YES;
				CLANG_WARN_STRICT_PROTOTYPES = YES;
				CLANG_WARN_SUSPICIOUS_MOVE = YES;
				CLANG_WARN_UNGUARDED_AVAILABILITY = YES_AGGRESSIVE;
				CLANG_WARN_UNREACHABLE_CODE = YES;
				CLANG_WARN__DUPLICATE_METHOD_MATCH = YES;
				CODE_SIGN_IDENTITY = "iPhone Developer";
				COPY_PHASE_STRIP = NO;
				DEBUG_INFORMATION_FORMAT = dwarf;
				ENABLE_STRICT_OBJC_MSGSEND = YES;
				ENABLE_TESTABILITY = YES;
				GCC_C_LANGUAGE_STANDARD = gnu11;
				GCC_DYNAMIC_NO_PIC = NO;
				GCC_NO_COMMON_BLOCKS = YES;
				GCC_OPTIMIZATION_LEVEL = 0;
				GCC_PREPROCESSOR_DEFINITIONS = (
					"DEBUG=1",
					"$(inherited)",
				);
				GCC_WARN_64_TO_32_BIT_CONVERSION = YES;
				GCC_WARN_ABOUT_RETURN_TYPE = YES_ERROR;
				GCC_WARN_UNDECLARED_SELECTOR = YES;
				GCC_WARN_UNINITIALIZED_AUTOS = YES_AGGRESSIVE;
				GCC_WARN_UNUSED_FUNCTION = YES;
				GCC_WARN_UNUSED_VARIABLE = YES;
				IPHONEOS_DEPLOYMENT_TARGET = 12.1;
				MTL_ENABLE_DEBUG_INFO = INCLUDE_SOURCE;
				MTL_FAST_MATH = YES;
				ONLY_ACTIVE_ARCH = YES;
				SDKROOT = iphoneos;
				SWIFT_ACTIVE_COMPILATION_CONDITIONS = DEBUG;
				SWIFT_OPTIMIZATION_LEVEL = "-Onone";
			};
			name = Debug;
		};
		3E30970521F63A3600721FED /* Release */ = {
			isa = XCBuildConfiguration;
			buildSettings = {
				ALWAYS_SEARCH_USER_PATHS = NO;
				CLANG_ANALYZER_NONNULL = YES;
				CLANG_ANALYZER_NUMBER_OBJECT_CONVERSION = YES_AGGRESSIVE;
				CLANG_CXX_LANGUAGE_STANDARD = "gnu++14";
				CLANG_CXX_LIBRARY = "libc++";
				CLANG_ENABLE_MODULES = YES;
				CLANG_ENABLE_OBJC_ARC = YES;
				CLANG_ENABLE_OBJC_WEAK = YES;
				CLANG_WARN_BLOCK_CAPTURE_AUTORELEASING = YES;
				CLANG_WARN_BOOL_CONVERSION = YES;
				CLANG_WARN_COMMA = YES;
				CLANG_WARN_CONSTANT_CONVERSION = YES;
				CLANG_WARN_DEPRECATED_OBJC_IMPLEMENTATIONS = YES;
				CLANG_WARN_DIRECT_OBJC_ISA_USAGE = YES_ERROR;
				CLANG_WARN_DOCUMENTATION_COMMENTS = YES;
				CLANG_WARN_EMPTY_BODY = YES;
				CLANG_WARN_ENUM_CONVERSION = YES;
				CLANG_WARN_INFINITE_RECURSION = YES;
				CLANG_WARN_INT_CONVERSION = YES;
				CLANG_WARN_NON_LITERAL_NULL_CONVERSION = YES;
				CLANG_WARN_OBJC_IMPLICIT_RETAIN_SELF = YES;
				CLANG_WARN_OBJC_LITERAL_CONVERSION = YES;
				CLANG_WARN_OBJC_ROOT_CLASS = YES_ERROR;
				CLANG_WARN_RANGE_LOOP_ANALYSIS = YES;
				CLANG_WARN_STRICT_PROTOTYPES = YES;
				CLANG_WARN_SUSPICIOUS_MOVE = YES;
				CLANG_WARN_UNGUARDED_AVAILABILITY = YES_AGGRESSIVE;
				CLANG_WARN_UNREACHABLE_CODE = YES;
				CLANG_WARN__DUPLICATE_METHOD_MATCH = YES;
				CODE_SIGN_IDENTITY = "iPhone Developer";
				COPY_PHASE_STRIP = NO;
				DEBUG_INFORMATION_FORMAT = "dwarf-with-dsym";
				ENABLE_NS_ASSERTIONS = NO;
				ENABLE_STRICT_OBJC_MSGSEND = YES;
				GCC_C_LANGUAGE_STANDARD = gnu11;
				GCC_NO_COMMON_BLOCKS = YES;
				GCC_WARN_64_TO_32_BIT_CONVERSION = YES;
				GCC_WARN_ABOUT_RETURN_TYPE = YES_ERROR;
				GCC_WARN_UNDECLARED_SELECTOR = YES;
				GCC_WARN_UNINITIALIZED_AUTOS = YES_AGGRESSIVE;
				GCC_WARN_UNUSED_FUNCTION = YES;
				GCC_WARN_UNUSED_VARIABLE = YES;
				IPHONEOS_DEPLOYMENT_TARGET = 12.1;
				MTL_ENABLE_DEBUG_INFO = NO;
				MTL_FAST_MATH = YES;
				SDKROOT = iphoneos;
				SWIFT_COMPILATION_MODE = wholemodule;
				SWIFT_OPTIMIZATION_LEVEL = "-O";
				VALIDATE_PRODUCT = YES;
			};
			name = Release;
		};
		3E30970721F63A3600721FED /* Debug */ = {
			isa = XCBuildConfiguration;
			baseConfigurationReference = CF62F2233ED02A04967695E4 /* Pods-BaldwinBot.debug.xcconfig */;
			buildSettings = {
				ASSETCATALOG_COMPILER_APPICON_NAME = AppIcon;
				CODE_SIGN_STYLE = Automatic;
				DEVELOPMENT_TEAM = 9937BJYLPH;
				INFOPLIST_FILE = BaldwinBot/Info.plist;
				LD_RUNPATH_SEARCH_PATHS = (
					"$(inherited)",
					"@executable_path/Frameworks",
				);
				PRODUCT_BUNDLE_IDENTIFIER = com.gallaugher.BaldwinBot;
				PRODUCT_NAME = "$(TARGET_NAME)";
				SWIFT_VERSION = 4.2;
				TARGETED_DEVICE_FAMILY = "1,2";
			};
			name = Debug;
		};
		3E30970821F63A3600721FED /* Release */ = {
			isa = XCBuildConfiguration;
			baseConfigurationReference = 8199BE87B82879A0E6ADDAAE /* Pods-BaldwinBot.release.xcconfig */;
			buildSettings = {
				ASSETCATALOG_COMPILER_APPICON_NAME = AppIcon;
				CODE_SIGN_STYLE = Automatic;
				DEVELOPMENT_TEAM = 9937BJYLPH;
				INFOPLIST_FILE = BaldwinBot/Info.plist;
				LD_RUNPATH_SEARCH_PATHS = (
					"$(inherited)",
					"@executable_path/Frameworks",
				);
				PRODUCT_BUNDLE_IDENTIFIER = com.gallaugher.BaldwinBot;
				PRODUCT_NAME = "$(TARGET_NAME)";
				SWIFT_VERSION = 4.2;
				TARGETED_DEVICE_FAMILY = "1,2";
			};
			name = Release;
		};
/* End XCBuildConfiguration section */

/* Begin XCConfigurationList section */
		3E3096EF21F63A3600721FED /* Build configuration list for PBXProject "BaldwinBot" */ = {
			isa = XCConfigurationList;
			buildConfigurations = (
				3E30970421F63A3600721FED /* Debug */,
				3E30970521F63A3600721FED /* Release */,
			);
			defaultConfigurationIsVisible = 0;
			defaultConfigurationName = Release;
		};
		3E30970621F63A3600721FED /* Build configuration list for PBXNativeTarget "BaldwinBot" */ = {
			isa = XCConfigurationList;
			buildConfigurations = (
				3E30970721F63A3600721FED /* Debug */,
				3E30970821F63A3600721FED /* Release */,
			);
			defaultConfigurationIsVisible = 0;
			defaultConfigurationName = Release;
		};
/* End XCConfigurationList section */
	};
	rootObject = 3E3096EC21F63A3600721FED /* Project object */;
}
